
Microsoft Visual Studio Solution File, Format Version 12.00
# Visual Studio Version 16
VisualStudioVersion = 16.0.29025.244
MinimumVisualStudioVersion = 10.0.40219.1
Project("{9A19103F-16F7-4668-BE54-9A1E7A4F7556}") = "LevelDB.NET", "Leveldb.net\LevelDB.NET.csproj", "{66B68F7D-BD4C-4080-9DB9-C0E03D58E171}"
EndProject
Project("{8BC9CEB8-8B4A-11D0-8D11-00A0C91BC942}") = "leveldb.x86", "LeveldbNative\leveldb.x86.vcxproj", "{C7D7E992-F97A-20D7-9371-7520AF464ACC}"
EndProject
Project("{8BC9CEB8-8B4A-11D0-8D11-00A0C91BC942}") = "leveldb.x64", "LeveldbNative\leveldb.x64.vcxproj", "{41742336-FF70-4FF3-99D4-F954EC7F68A1}"
EndProject
Project("{FAE04EC0-301F-11D3-BF4B-00C04F79EFBC}") = "DotNetFrameworkTests", "DotNetFrameworkTests\DotNetFrameworkTests.csproj", "{107D11C7-5C51-4DB9-9D62-2AAD06033A43}"
	ProjectSection(ProjectDependencies) = postProject
		{41742336-FF70-4FF3-99D4-F954EC7F68A1} = {41742336-FF70-4FF3-99D4-F954EC7F68A1}
		{C7D7E992-F97A-20D7-9371-7520AF464ACC} = {C7D7E992-F97A-20D7-9371-7520AF464ACC}
	EndProjectSection
EndProject
Global
	GlobalSection(SolutionConfigurationPlatforms) = preSolution
		Debug|Any CPU = Debug|Any CPU
		Release|Any CPU = Release|Any CPU
	EndGlobalSection
	GlobalSection(ProjectConfigurationPlatforms) = postSolution
		{66B68F7D-BD4C-4080-9DB9-C0E03D58E171}.Debug|Any CPU.ActiveCfg = Debug|Any CPU
		{66B68F7D-BD4C-4080-9DB9-C0E03D58E171}.Debug|Any CPU.Build.0 = Debug|Any CPU
		{66B68F7D-BD4C-4080-9DB9-C0E03D58E171}.Release|Any CPU.ActiveCfg = Release|Any CPU
		{66B68F7D-BD4C-4080-9DB9-C0E03D58E171}.Release|Any CPU.Build.0 = Release|Any CPU
		{C7D7E992-F97A-20D7-9371-7520AF464ACC}.Debug|Any CPU.ActiveCfg = Debug|Win32
		{C7D7E992-F97A-20D7-9371-7520AF464ACC}.Debug|Any CPU.Build.0 = Debug|Win32
		{C7D7E992-F97A-20D7-9371-7520AF464ACC}.Release|Any CPU.ActiveCfg = Release|Win32
		{C7D7E992-F97A-20D7-9371-7520AF464ACC}.Release|Any CPU.Build.0 = Release|Win32
		{41742336-FF70-4FF3-99D4-F954EC7F68A1}.Debug|Any CPU.ActiveCfg = Debug|x64
		{41742336-FF70-4FF3-99D4-F954EC7F68A1}.Debug|Any CPU.Build.0 = Debug|x64
		{41742336-FF70-4FF3-99D4-F954EC7F68A1}.Release|Any CPU.ActiveCfg = Release|x64
		{41742336-FF70-4FF3-99D4-F954EC7F68A1}.Release|Any CPU.Build.0 = Release|x64
		{107D11C7-5C51-4DB9-9D62-2AAD06033A43}.Debug|Any CPU.ActiveCfg = Debug|Any CPU
		{107D11C7-5C51-4DB9-9D62-2AAD06033A43}.Debug|Any CPU.Build.0 = Debug|Any CPU
		{107D11C7-5C51-4DB9-9D62-2AAD06033A43}.Release|Any CPU.ActiveCfg = Release|Any CPU
		{107D11C7-5C51-4DB9-9D62-2AAD06033A43}.Release|Any CPU.Build.0 = Release|Any CPU
	EndGlobalSection
	GlobalSection(SolutionProperties) = preSolution
		HideSolutionNode = FALSE
	EndGlobalSection
	GlobalSection(ExtensibilityGlobals) = postSolution
		SolutionGuid = {5C9829D0-55D9-4907-B704-8DDC290F52BB}
	EndGlobalSection
	GlobalSection(SubversionScc) = preSolution
		Svn-Managed = True
		Manager = AnkhSVN - Subversion Support for Visual Studio
	EndGlobalSection
EndGlobal
