
Microsoft Visual Studio Solution File, Format Version 12.00
# Visual Studio 15
VisualStudioVersion = 15.0.27130.2027
MinimumVisualStudioVersion = 10.0.40219.1
Project("{9A19103F-16F7-4668-BE54-9A1E7A4F7556}") = "LevelDB.NET", "Leveldb.net\LevelDB.NET.csproj", "{66B68F7D-BD4C-4080-9DB9-C0E03D58E171}"
EndProject
Project("{8BC9CEB8-8B4A-11D0-8D11-00A0C91BC942}") = "leveldb.x86", "LeveldbNative\leveldb.x86.vcxproj", "{C7D7E992-F97A-20D7-9371-7520AF464ACC}"
EndProject
Project("{8BC9CEB8-8B4A-11D0-8D11-00A0C91BC942}") = "leveldb.x64", "LeveldbNative\leveldb.x64.vcxproj", "{41742336-FF70-4FF3-99D4-F954EC7F68A1}"
EndProject
Global
	GlobalSection(SolutionConfigurationPlatforms) = preSolution
		Debug|Any CPU = Debug|Any CPU
		Debug|x64 = Debug|x64
		Debug|x86 = Debug|x86
		Release|Any CPU = Release|Any CPU
		Release|x64 = Release|x64
		Release|x86 = Release|x86
	EndGlobalSection
	GlobalSection(ProjectConfigurationPlatforms) = postSolution
		{66B68F7D-BD4C-4080-9DB9-C0E03D58E171}.Debug|Any CPU.ActiveCfg = Debug|Any CPU
		{66B68F7D-BD4C-4080-9DB9-C0E03D58E171}.Debug|Any CPU.Build.0 = Debug|Any CPU
		{66B68F7D-BD4C-4080-9DB9-C0E03D58E171}.Debug|x64.ActiveCfg = Debug|Any CPU
		{66B68F7D-BD4C-4080-9DB9-C0E03D58E171}.Debug|x64.Build.0 = Debug|Any CPU
		{66B68F7D-BD4C-4080-9DB9-C0E03D58E171}.Debug|x86.ActiveCfg = Debug|Any CPU
		{66B68F7D-BD4C-4080-9DB9-C0E03D58E171}.Debug|x86.Build.0 = Debug|Any CPU
		{66B68F7D-BD4C-4080-9DB9-C0E03D58E171}.Release|Any CPU.ActiveCfg = Release|Any CPU
		{66B68F7D-BD4C-4080-9DB9-C0E03D58E171}.Release|Any CPU.Build.0 = Release|Any CPU
		{66B68F7D-BD4C-4080-9DB9-C0E03D58E171}.Release|x64.ActiveCfg = Release|Any CPU
		{66B68F7D-BD4C-4080-9DB9-C0E03D58E171}.Release|x64.Build.0 = Release|Any CPU
		{66B68F7D-BD4C-4080-9DB9-C0E03D58E171}.Release|x86.ActiveCfg = Release|Any CPU
		{66B68F7D-BD4C-4080-9DB9-C0E03D58E171}.Release|x86.Build.0 = Release|Any CPU
		{C7D7E992-F97A-20D7-9371-7520AF464ACC}.Debug|Any CPU.ActiveCfg = Debug|Win32
		{C7D7E992-F97A-20D7-9371-7520AF464ACC}.Debug|Any CPU.Build.0 = Debug|Win32
		{C7D7E992-F97A-20D7-9371-7520AF464ACC}.Debug|x64.ActiveCfg = Debug|Win32
		{C7D7E992-F97A-20D7-9371-7520AF464ACC}.Debug|x86.ActiveCfg = Debug|Win32
		{C7D7E992-F97A-20D7-9371-7520AF464ACC}.Debug|x86.Build.0 = Debug|Win32
		{C7D7E992-F97A-20D7-9371-7520AF464ACC}.Release|Any CPU.ActiveCfg = Release|Win32
		{C7D7E992-F97A-20D7-9371-7520AF464ACC}.Release|Any CPU.Build.0 = Release|Win32
		{C7D7E992-F97A-20D7-9371-7520AF464ACC}.Release|x64.ActiveCfg = Release|Win32
		{C7D7E992-F97A-20D7-9371-7520AF464ACC}.Release|x86.ActiveCfg = Release|Win32
		{C7D7E992-F97A-20D7-9371-7520AF464ACC}.Release|x86.Build.0 = Release|Win32
		{41742336-FF70-4FF3-99D4-F954EC7F68A1}.Debug|Any CPU.ActiveCfg = Debug|x64
		{41742336-FF70-4FF3-99D4-F954EC7F68A1}.Debug|Any CPU.Build.0 = Debug|x64
		{41742336-FF70-4FF3-99D4-F954EC7F68A1}.Debug|x64.ActiveCfg = Debug|x64
		{41742336-FF70-4FF3-99D4-F954EC7F68A1}.Debug|x64.Build.0 = Debug|x64
		{41742336-FF70-4FF3-99D4-F954EC7F68A1}.Debug|x86.ActiveCfg = Debug|x64
		{41742336-FF70-4FF3-99D4-F954EC7F68A1}.Release|Any CPU.ActiveCfg = Release|x64
		{41742336-FF70-4FF3-99D4-F954EC7F68A1}.Release|Any CPU.Build.0 = Release|x64
		{41742336-FF70-4FF3-99D4-F954EC7F68A1}.Release|x64.ActiveCfg = Release|x64
		{41742336-FF70-4FF3-99D4-F954EC7F68A1}.Release|x64.Build.0 = Release|x64
		{41742336-FF70-4FF3-99D4-F954EC7F68A1}.Release|x86.ActiveCfg = Release|x64
	EndGlobalSection
	GlobalSection(SolutionProperties) = preSolution
		HideSolutionNode = FALSE
	EndGlobalSection
	GlobalSection(ExtensibilityGlobals) = postSolution
		SolutionGuid = {5C9829D0-55D9-4907-B704-8DDC290F52BB}
	EndGlobalSection
	GlobalSection(SubversionScc) = preSolution
		Svn-Managed = True
		Manager = AnkhSVN - Subversion Support for Visual Studio
	EndGlobalSection
EndGlobal
